
Microsoft Visual Studio Solution File, Format Version 12.00
# Visual Studio Version 17
VisualStudioVersion = 17.7.34024.191
MinimumVisualStudioVersion = 10.0.40219.1
Project("{FAE04EC0-301F-11D3-BF4B-00C04F79EFBC}") = "DemoWebApi", "DemoWebApi\DemoWebApi.csproj", "{E02FA405-B9C0-41E9-B9CC-05456655C1A4}"
EndProject
Global
	GlobalSection(SolutionConfigurationPlatforms) = preSolution
		Debug|Any CPU = Debug|Any CPU
		Release|Any CPU = Release|Any CPU
	EndGlobalSection
	GlobalSection(ProjectConfigurationPlatforms) = postSolution
		{E02FA405-B9C0-41E9-B9CC-05456655C1A4}.Debug|Any CPU.ActiveCfg = Debug|Any CPU
		{E02FA405-B9C0-41E9-B9CC-05456655C1A4}.Debug|Any CPU.Build.0 = Debug|Any CPU
		{E02FA405-B9C0-41E9-B9CC-05456655C1A4}.Release|Any CPU.ActiveCfg = Release|Any CPU
		{E02FA405-B9C0-41E9-B9CC-05456655C1A4}.Release|Any CPU.Build.0 = Release|Any CPU
	EndGlobalSection
	GlobalSection(SolutionProperties) = preSolution
		HideSolutionNode = FALSE
	EndGlobalSection
	GlobalSection(ExtensibilityGlobals) = postSolution
		SolutionGuid = {CBC5771D-4516-4F28-9259-FCBDC1EAF7D0}
	EndGlobalSection
EndGlobal
